
Microsoft Visual Studio Solution File, Format Version 12.00
# Visual Studio 15
VisualStudioVersion = 15.0.27130.2027
MinimumVisualStudioVersion = 10.0.40219.1
Project("{FAE04EC0-301F-11D3-BF4B-00C04F79EFBC}") = "Motarjem", "Motarjem\Motarjem.csproj", "{975E933D-B18C-4424-9CCD-DECDBF69594F}"
EndProject
Project("{2150E333-8FDC-42A3-9474-1A3956D46DE8}") = "Solution Items", "Solution Items", "{57F95D2C-6860-4A80-9F1A-94981BF3766E}"
	ProjectSection(SolutionItems) = preProject
		Readme.md = Readme.md
	EndProjectSection
EndProject
Project("{FAE04EC0-301F-11D3-BF4B-00C04F79EFBC}") = "Motarjem.Core", "Motarjem.Core\Motarjem.Core.csproj", "{6E32C2B6-70AC-45DF-B630-94064694CF2F}"
EndProject
Project("{2150E333-8FDC-42A3-9474-1A3956D46DE8}") = "assets", "assets", "{6DD3ACC6-0EEA-4DF4-A9E9-F95CDE4F188B}"
	ProjectSection(SolutionItems) = preProject
		assets\Motarjem-beta-02.png = assets\Motarjem-beta-02.png
		assets\Motarjem-gtk-beta-02.png = assets\Motarjem-gtk-beta-02.png
	EndProjectSection
EndProject
Project("{FAE04EC0-301F-11D3-BF4B-00C04F79EFBC}") = "Motarjem.Gtk", "Motarjem.Gtk\Motarjem.Gtk.csproj", "{EF6D90F7-7432-4A14-8F8E-6716D3FAFC14}"
EndProject
Global
	GlobalSection(SolutionConfigurationPlatforms) = preSolution
		Debug|Any CPU = Debug|Any CPU
		Debug|x64 = Debug|x64
		Debug|x86 = Debug|x86
		Release|Any CPU = Release|Any CPU
		Release|x64 = Release|x64
		Release|x86 = Release|x86
	EndGlobalSection
	GlobalSection(ProjectConfigurationPlatforms) = postSolution
		{975E933D-B18C-4424-9CCD-DECDBF69594F}.Debug|Any CPU.ActiveCfg = Debug|Any CPU
		{975E933D-B18C-4424-9CCD-DECDBF69594F}.Debug|Any CPU.Build.0 = Debug|Any CPU
		{975E933D-B18C-4424-9CCD-DECDBF69594F}.Debug|x64.ActiveCfg = Debug|x64
		{975E933D-B18C-4424-9CCD-DECDBF69594F}.Debug|x64.Build.0 = Debug|x64
		{975E933D-B18C-4424-9CCD-DECDBF69594F}.Debug|x86.ActiveCfg = Debug|x86
		{975E933D-B18C-4424-9CCD-DECDBF69594F}.Debug|x86.Build.0 = Debug|x86
		{975E933D-B18C-4424-9CCD-DECDBF69594F}.Release|Any CPU.ActiveCfg = Release|Any CPU
		{975E933D-B18C-4424-9CCD-DECDBF69594F}.Release|Any CPU.Build.0 = Release|Any CPU
		{975E933D-B18C-4424-9CCD-DECDBF69594F}.Release|x64.ActiveCfg = Release|x64
		{975E933D-B18C-4424-9CCD-DECDBF69594F}.Release|x64.Build.0 = Release|x64
		{975E933D-B18C-4424-9CCD-DECDBF69594F}.Release|x86.ActiveCfg = Release|x86
		{975E933D-B18C-4424-9CCD-DECDBF69594F}.Release|x86.Build.0 = Release|x86
		{6E32C2B6-70AC-45DF-B630-94064694CF2F}.Debug|Any CPU.ActiveCfg = Debug|Any CPU
		{6E32C2B6-70AC-45DF-B630-94064694CF2F}.Debug|Any CPU.Build.0 = Debug|Any CPU
		{6E32C2B6-70AC-45DF-B630-94064694CF2F}.Debug|x64.ActiveCfg = Debug|x64
		{6E32C2B6-70AC-45DF-B630-94064694CF2F}.Debug|x64.Build.0 = Debug|x64
		{6E32C2B6-70AC-45DF-B630-94064694CF2F}.Debug|x86.ActiveCfg = Debug|x86
		{6E32C2B6-70AC-45DF-B630-94064694CF2F}.Debug|x86.Build.0 = Debug|x86
		{6E32C2B6-70AC-45DF-B630-94064694CF2F}.Release|Any CPU.ActiveCfg = Release|Any CPU
		{6E32C2B6-70AC-45DF-B630-94064694CF2F}.Release|Any CPU.Build.0 = Release|Any CPU
		{6E32C2B6-70AC-45DF-B630-94064694CF2F}.Release|x64.ActiveCfg = Release|x64
		{6E32C2B6-70AC-45DF-B630-94064694CF2F}.Release|x64.Build.0 = Release|x64
		{6E32C2B6-70AC-45DF-B630-94064694CF2F}.Release|x86.ActiveCfg = Release|x86
		{6E32C2B6-70AC-45DF-B630-94064694CF2F}.Release|x86.Build.0 = Release|x86
		{EF6D90F7-7432-4A14-8F8E-6716D3FAFC14}.Debug|Any CPU.ActiveCfg = Debug|Any CPU
		{EF6D90F7-7432-4A14-8F8E-6716D3FAFC14}.Debug|Any CPU.Build.0 = Debug|Any CPU
		{EF6D90F7-7432-4A14-8F8E-6716D3FAFC14}.Debug|x64.ActiveCfg = Debug|x64
		{EF6D90F7-7432-4A14-8F8E-6716D3FAFC14}.Debug|x64.Build.0 = Debug|x64
		{EF6D90F7-7432-4A14-8F8E-6716D3FAFC14}.Debug|x86.ActiveCfg = Debug|x86
		{EF6D90F7-7432-4A14-8F8E-6716D3FAFC14}.Debug|x86.Build.0 = Debug|x86
		{EF6D90F7-7432-4A14-8F8E-6716D3FAFC14}.Release|Any CPU.ActiveCfg = Release|Any CPU
		{EF6D90F7-7432-4A14-8F8E-6716D3FAFC14}.Release|Any CPU.Build.0 = Release|Any CPU
		{EF6D90F7-7432-4A14-8F8E-6716D3FAFC14}.Release|x64.ActiveCfg = Release|x64
		{EF6D90F7-7432-4A14-8F8E-6716D3FAFC14}.Release|x64.Build.0 = Release|x64
		{EF6D90F7-7432-4A14-8F8E-6716D3FAFC14}.Release|x86.ActiveCfg = Release|x86
		{EF6D90F7-7432-4A14-8F8E-6716D3FAFC14}.Release|x86.Build.0 = Release|x86
	EndGlobalSection
	GlobalSection(SolutionProperties) = preSolution
		HideSolutionNode = FALSE
	EndGlobalSection
	GlobalSection(NestedProjects) = preSolution
		{6DD3ACC6-0EEA-4DF4-A9E9-F95CDE4F188B} = {57F95D2C-6860-4A80-9F1A-94981BF3766E}
	EndGlobalSection
	GlobalSection(ExtensibilityGlobals) = postSolution
		SolutionGuid = {DD2E31B1-DC1D-43B9-B659-933DC4E7AE8D}
	EndGlobalSection
EndGlobal
